// !$*UTF8*$!
{
	archiveVersion = 1;
	classes = {
	};
	objectVersion = 55;
	objects = {

/* Begin PBXBuildFile section */
		FA0D369D28540E2300B9DE4B /* RandomVariable.cpp in Sources */ = {isa = PBXBuildFile; fileRef = FA0D369B28540E2300B9DE4B /* RandomVariable.cpp */; };
		FA3A99082857E97B00C13297 /* Alignment.cpp in Sources */ = {isa = PBXBuildFile; fileRef = FA3A99062857E97A00C13297 /* Alignment.cpp */; };
		FAD920B32850E9B30075117A /* main.cpp in Sources */ = {isa = PBXBuildFile; fileRef = FAD920B22850E9B30075117A /* main.cpp */; };
		FAD920BB28510E460075117A /* Node.cpp in Sources */ = {isa = PBXBuildFile; fileRef = FAD920B928510E460075117A /* Node.cpp */; };
		FAD920BE28510E5B0075117A /* Tree.cpp in Sources */ = {isa = PBXBuildFile; fileRef = FAD920BC28510E5B0075117A /* Tree.cpp */; };
/* End PBXBuildFile section */

/* Begin PBXCopyFilesBuildPhase section */
		FAD920AD2850E9B30075117A /* CopyFiles */ = {
			isa = PBXCopyFilesBuildPhase;
			buildActionMask = 2147483647;
			dstPath = /usr/share/man/man1/;
			dstSubfolderSpec = 0;
			files = (
			);
			runOnlyForDeploymentPostprocessing = 1;
		};
/* End PBXCopyFilesBuildPhase section */

/* Begin PBXFileReference section */
		FA0D369B28540E2300B9DE4B /* RandomVariable.cpp */ = {isa = PBXFileReference; lastKnownFileType = sourcecode.cpp.cpp; path = RandomVariable.cpp; sourceTree = "<group>"; };
		FA0D369C28540E2300B9DE4B /* RandomVariable.hpp */ = {isa = PBXFileReference; lastKnownFileType = sourcecode.cpp.h; path = RandomVariable.hpp; sourceTree = "<group>"; };
		FA3A99062857E97A00C13297 /* Alignment.cpp */ = {isa = PBXFileReference; lastKnownFileType = sourcecode.cpp.cpp; path = Alignment.cpp; sourceTree = "<group>"; };
		FA3A99072857E97B00C13297 /* Alignment.hpp */ = {isa = PBXFileReference; lastKnownFileType = sourcecode.cpp.h; path = Alignment.hpp; sourceTree = "<group>"; };
		FAD920AF2850E9B30075117A /* TREES */ = {isa = PBXFileReference; explicitFileType = "compiled.mach-o.executable"; includeInIndex = 0; path = TREES; sourceTree = BUILT_PRODUCTS_DIR; };
		FAD920B22850E9B30075117A /* main.cpp */ = {isa = PBXFileReference; lastKnownFileType = sourcecode.cpp.cpp; path = main.cpp; sourceTree = "<group>"; };
		FAD920B928510E460075117A /* Node.cpp */ = {isa = PBXFileReference; lastKnownFileType = sourcecode.cpp.cpp; path = Node.cpp; sourceTree = "<group>"; };
		FAD920BA28510E460075117A /* Node.hpp */ = {isa = PBXFileReference; lastKnownFileType = sourcecode.cpp.h; path = Node.hpp; sourceTree = "<group>"; };
		FAD920BC28510E5B0075117A /* Tree.cpp */ = {isa = PBXFileReference; lastKnownFileType = sourcecode.cpp.cpp; path = Tree.cpp; sourceTree = "<group>"; };
		FAD920BD28510E5B0075117A /* Tree.hpp */ = {isa = PBXFileReference; lastKnownFileType = sourcecode.cpp.h; path = Tree.hpp; sourceTree = "<group>"; };
/* End PBXFileReference section */

/* Begin PBXFrameworksBuildPhase section */
		FAD920AC2850E9B30075117A /* Frameworks */ = {
			isa = PBXFrameworksBuildPhase;
			buildActionMask = 2147483647;
			files = (
			);
			runOnlyForDeploymentPostprocessing = 0;
		};
/* End PBXFrameworksBuildPhase section */

/* Begin PBXGroup section */
		FAD920A62850E9B30075117A = {
			isa = PBXGroup;
			children = (
				FAD920B12850E9B30075117A /* TREES */,
				FAD920B02850E9B30075117A /* Products */,
			);
			sourceTree = "<group>";
		};
		FAD920B02850E9B30075117A /* Products */ = {
			isa = PBXGroup;
			children = (
				FAD920AF2850E9B30075117A /* TREES */,
			);
			name = Products;
			sourceTree = "<group>";
		};
		FAD920B12850E9B30075117A /* TREES */ = {
			isa = PBXGroup;
			children = (
				FAD920B22850E9B30075117A /* main.cpp */,
				FA3A99062857E97A00C13297 /* Alignment.cpp */,
				FA3A99072857E97B00C13297 /* Alignment.hpp */,
				FA0D369B28540E2300B9DE4B /* RandomVariable.cpp */,
				FAD920B928510E460075117A /* Node.cpp */,
				FAD920BC28510E5B0075117A /* Tree.cpp */,
				FAD920BD28510E5B0075117A /* Tree.hpp */,
				FAD920BA28510E460075117A /* Node.hpp */,
				FA0D369C28540E2300B9DE4B /* RandomVariable.hpp */,
			);
			path = TREES;
			sourceTree = "<group>";
		};
/* End PBXGroup section */

/* Begin PBXNativeTarget section */
		FAD920AE2850E9B30075117A /* TREES */ = {
			isa = PBXNativeTarget;
			buildConfigurationList = FAD920B62850E9B30075117A /* Build configuration list for PBXNativeTarget "TREES" */;
			buildPhases = (
				FAD920AB2850E9B30075117A /* Sources */,
				FAD920AC2850E9B30075117A /* Frameworks */,
				FAD920AD2850E9B30075117A /* CopyFiles */,
			);
			buildRules = (
			);
			dependencies = (
			);
			name = TREES;
			productName = TREES;
			productReference = FAD920AF2850E9B30075117A /* TREES */;
			productType = "com.apple.product-type.tool";
		};
/* End PBXNativeTarget section */

/* Begin PBXProject section */
		FAD920A72850E9B30075117A /* Project object */ = {
			isa = PBXProject;
			attributes = {
				BuildIndependentTargetsInParallel = 1;
				LastUpgradeCheck = 1340;
				TargetAttributes = {
					FAD920AE2850E9B30075117A = {
						CreatedOnToolsVersion = 13.4;
					};
				};
			};
			buildConfigurationList = FAD920AA2850E9B30075117A /* Build configuration list for PBXProject "TREES" */;
			compatibilityVersion = "Xcode 13.0";
			developmentRegion = en;
			hasScannedForEncodings = 0;
			knownRegions = (
				en,
				Base,
			);
			mainGroup = FAD920A62850E9B30075117A;
			productRefGroup = FAD920B02850E9B30075117A /* Products */;
			projectDirPath = "";
			projectRoot = "";
			targets = (
				FAD920AE2850E9B30075117A /* TREES */,
			);
		};
/* End PBXProject section */

/* Begin PBXSourcesBuildPhase section */
		FAD920AB2850E9B30075117A /* Sources */ = {
			isa = PBXSourcesBuildPhase;
			buildActionMask = 2147483647;
			files = (
				FAD920BE28510E5B0075117A /* Tree.cpp in Sources */,
				FA3A99082857E97B00C13297 /* Alignment.cpp in Sources */,
				FAD920B32850E9B30075117A /* main.cpp in Sources */,
				FA0D369D28540E2300B9DE4B /* RandomVariable.cpp in Sources */,
				FAD920BB28510E460075117A /* Node.cpp in Sources */,
			);
			runOnlyForDeploymentPostprocessing = 0;
		};
/* End PBXSourcesBuildPhase section */

/* Begin XCBuildConfiguration section */
		FAD920B42850E9B30075117A /* Debug */ = {
			isa = XCBuildConfiguration;
			buildSettings = {
				ALWAYS_SEARCH_USER_PATHS = NO;
				CLANG_ANALYZER_NONNULL = YES;
				CLANG_ANALYZER_NUMBER_OBJECT_CONVERSION = YES_AGGRESSIVE;
				CLANG_CXX_LANGUAGE_STANDARD = "gnu++17";
				CLANG_ENABLE_MODULES = YES;
				CLANG_ENABLE_OBJC_ARC = YES;
				CLANG_ENABLE_OBJC_WEAK = YES;
				CLANG_WARN_BLOCK_CAPTURE_AUTORELEASING = YES;
				CLANG_WARN_BOOL_CONVERSION = YES;
				CLANG_WARN_COMMA = YES;
				CLANG_WARN_CONSTANT_CONVERSION = YES;
				CLANG_WARN_DEPRECATED_OBJC_IMPLEMENTATIONS = YES;
				CLANG_WARN_DIRECT_OBJC_ISA_USAGE = YES_ERROR;
				CLANG_WARN_DOCUMENTATION_COMMENTS = YES;
				CLANG_WARN_EMPTY_BODY = YES;
				CLANG_WARN_ENUM_CONVERSION = YES;
				CLANG_WARN_INFINITE_RECURSION = YES;
				CLANG_WARN_INT_CONVERSION = YES;
				CLANG_WARN_NON_LITERAL_NULL_CONVERSION = YES;
				CLANG_WARN_OBJC_IMPLICIT_RETAIN_SELF = YES;
				CLANG_WARN_OBJC_LITERAL_CONVERSION = YES;
				CLANG_WARN_OBJC_ROOT_CLASS = YES_ERROR;
				CLANG_WARN_QUOTED_INCLUDE_IN_FRAMEWORK_HEADER = YES;
				CLANG_WARN_RANGE_LOOP_ANALYSIS = YES;
				CLANG_WARN_STRICT_PROTOTYPES = YES;
				CLANG_WARN_SUSPICIOUS_MOVE = YES;
				CLANG_WARN_UNGUARDED_AVAILABILITY = YES_AGGRESSIVE;
				CLANG_WARN_UNREACHABLE_CODE = YES;
				CLANG_WARN__DUPLICATE_METHOD_MATCH = YES;
				COPY_PHASE_STRIP = NO;
				DEBUG_INFORMATION_FORMAT = dwarf;
				ENABLE_STRICT_OBJC_MSGSEND = YES;
				ENABLE_TESTABILITY = YES;
				GCC_C_LANGUAGE_STANDARD = gnu11;
				GCC_DYNAMIC_NO_PIC = NO;
				GCC_NO_COMMON_BLOCKS = YES;
				GCC_OPTIMIZATION_LEVEL = 0;
				GCC_PREPROCESSOR_DEFINITIONS = (
					"DEBUG=1",
					"$(inherited)",
				);
				GCC_WARN_64_TO_32_BIT_CONVERSION = YES;
				GCC_WARN_ABOUT_RETURN_TYPE = YES_ERROR;
				GCC_WARN_UNDECLARED_SELECTOR = YES;
				GCC_WARN_UNINITIALIZED_AUTOS = YES_AGGRESSIVE;
				GCC_WARN_UNUSED_FUNCTION = YES;
				GCC_WARN_UNUSED_VARIABLE = YES;
				MACOSX_DEPLOYMENT_TARGET = 12.3;
				MTL_ENABLE_DEBUG_INFO = INCLUDE_SOURCE;
				MTL_FAST_MATH = YES;
				ONLY_ACTIVE_ARCH = YES;
				SDKROOT = macosx;
			};
			name = Debug;
		};
		FAD920B52850E9B30075117A /* Release */ = {
			isa = XCBuildConfiguration;
			buildSettings = {
				ALWAYS_SEARCH_USER_PATHS = NO;
				CLANG_ANALYZER_NONNULL = YES;
				CLANG_ANALYZER_NUMBER_OBJECT_CONVERSION = YES_AGGRESSIVE;
				CLANG_CXX_LANGUAGE_STANDARD = "gnu++17";
				CLANG_ENABLE_MODULES = YES;
				CLANG_ENABLE_OBJC_ARC = YES;
				CLANG_ENABLE_OBJC_WEAK = YES;
				CLANG_WARN_BLOCK_CAPTURE_AUTORELEASING = YES;
				CLANG_WARN_BOOL_CONVERSION = YES;
				CLANG_WARN_COMMA = YES;
				CLANG_WARN_CONSTANT_CONVERSION = YES;
				CLANG_WARN_DEPRECATED_OBJC_IMPLEMENTATIONS = YES;
				CLANG_WARN_DIRECT_OBJC_ISA_USAGE = YES_ERROR;
				CLANG_WARN_DOCUMENTATION_COMMENTS = YES;
				CLANG_WARN_EMPTY_BODY = YES;
				CLANG_WARN_ENUM_CONVERSION = YES;
				CLANG_WARN_INFINITE_RECURSION = YES;
				CLANG_WARN_INT_CONVERSION = YES;
				CLANG_WARN_NON_LITERAL_NULL_CONVERSION = YES;
				CLANG_WARN_OBJC_IMPLICIT_RETAIN_SELF = YES;
				CLANG_WARN_OBJC_LITERAL_CONVERSION = YES;
				CLANG_WARN_OBJC_ROOT_CLASS = YES_ERROR;
				CLANG_WARN_QUOTED_INCLUDE_IN_FRAMEWORK_HEADER = YES;
				CLANG_WARN_RANGE_LOOP_ANALYSIS = YES;
				CLANG_WARN_STRICT_PROTOTYPES = YES;
				CLANG_WARN_SUSPICIOUS_MOVE = YES;
				CLANG_WARN_UNGUARDED_AVAILABILITY = YES_AGGRESSIVE;
				CLANG_WARN_UNREACHABLE_CODE = YES;
				CLANG_WARN__DUPLICATE_METHOD_MATCH = YES;
				COPY_PHASE_STRIP = NO;
				DEBUG_INFORMATION_FORMAT = "dwarf-with-dsym";
				ENABLE_NS_ASSERTIONS = NO;
				ENABLE_STRICT_OBJC_MSGSEND = YES;
				GCC_C_LANGUAGE_STANDARD = gnu11;
				GCC_NO_COMMON_BLOCKS = YES;
				GCC_WARN_64_TO_32_BIT_CONVERSION = YES;
				GCC_WARN_ABOUT_RETURN_TYPE = YES_ERROR;
				GCC_WARN_UNDECLARED_SELECTOR = YES;
				GCC_WARN_UNINITIALIZED_AUTOS = YES_AGGRESSIVE;
				GCC_WARN_UNUSED_FUNCTION = YES;
				GCC_WARN_UNUSED_VARIABLE = YES;
				MACOSX_DEPLOYMENT_TARGET = 12.3;
				MTL_ENABLE_DEBUG_INFO = NO;
				MTL_FAST_MATH = YES;
				SDKROOT = macosx;
			};
			name = Release;
		};
		FAD920B72850E9B30075117A /* Debug */ = {
			isa = XCBuildConfiguration;
			buildSettings = {
				CODE_SIGN_STYLE = Automatic;
				PRODUCT_NAME = "$(TARGET_NAME)";
			};
			name = Debug;
		};
		FAD920B82850E9B30075117A /* Release */ = {
			isa = XCBuildConfiguration;
			buildSettings = {
				CODE_SIGN_STYLE = Automatic;
				PRODUCT_NAME = "$(TARGET_NAME)";
			};
			name = Release;
		};
/* End XCBuildConfiguration section */

/* Begin XCConfigurationList section */
		FAD920AA2850E9B30075117A /* Build configuration list for PBXProject "TREES" */ = {
			isa = XCConfigurationList;
			buildConfigurations = (
				FAD920B42850E9B30075117A /* Debug */,
				FAD920B52850E9B30075117A /* Release */,
			);
			defaultConfigurationIsVisible = 0;
			defaultConfigurationName = Release;
		};
		FAD920B62850E9B30075117A /* Build configuration list for PBXNativeTarget "TREES" */ = {
			isa = XCConfigurationList;
			buildConfigurations = (
				FAD920B72850E9B30075117A /* Debug */,
				FAD920B82850E9B30075117A /* Release */,
			);
			defaultConfigurationIsVisible = 0;
			defaultConfigurationName = Release;
		};
/* End XCConfigurationList section */
	};
	rootObject = FAD920A72850E9B30075117A /* Project object */;
}
